# Generated by pub
# See https://dart.dev/tools/pub/glossary#lockfile
packages:
  async:
    dependency: transitive
    description:
      name: async
      sha256: "947bfcf187f74dbc5e146c9eb9c0f10c9f8b30743e341481c1e2ed3ecc18c20c"
      url: "https://pub.dev"
    source: hosted
    version: "2.11.0"
  boolean_selector:
    dependency: transitive
    description:
      name: boolean_selector
      sha256: "6cfb5af12253eaf2b368f07bacc5a80d1301a071c73360d746b7f2e32d762c66"
      url: "https://pub.dev"
    source: hosted
    version: "2.1.1"
  characters:
    dependency: transitive
    description:
      name: characters
      sha256: "04a925763edad70e8443c99234dc3328f442e811f1d8fd1a72f1c8ad0f69a605"
      url: "https://pub.dev"
    source: hosted
    version: "1.3.0"
  charcode:
    dependency: transitive
    description:
      name: charcode
      sha256: fb98c0f6d12c920a02ee2d998da788bca066ca5f148492b7085ee23372b12306
      url: "https://pub.dev"
    source: hosted
    version: "1.3.1"
  clock:
    dependency: transitive
    description:
      name: clock
      sha256: cb6d7f03e1de671e34607e909a7213e31d7752be4fb66a86d29fe1eb14bfb5cf
      url: "https://pub.dev"
    source: hosted
    version: "1.1.1"
  collection:
    dependency: transitive
    description:
      name: collection
      sha256: "4a07be6cb69c84d677a6c3096fcf960cc3285a8330b4603e0d463d15d9bd934c"
      url: "https://pub.dev"
    source: hosted
    version: "1.17.1"
  crypto:
    dependency: transitive
    description:
      name: crypto
      sha256: cf75650c66c0316274e21d7c43d3dea246273af5955bd94e8184837cd577575c
      url: "https://pub.dev"
    source: hosted
    version: "3.0.1"
  cupertino_icons:
    dependency: "direct main"
    description:
      name: cupertino_icons
      sha256: "486b7bc707424572cdf7bd7e812a0c146de3fd47ecadf070254cc60383f21dd8"
      url: "https://pub.dev"
    source: hosted
    version: "1.0.3"
  device_apps:
    dependency: "direct main"
    description:
      name: device_apps
      sha256: "9af64f1075ecbb60392555046a1cbdee38c8b706dc13deb155682aab5a40e63e"
      url: "https://pub.dev"
    source: hosted
    version: "2.1.1"
  fake_async:
    dependency: transitive
    description:
      name: fake_async
      sha256: "511392330127add0b769b75a987850d136345d9227c6b94c96a04cf4a391bf78"
      url: "https://pub.dev"
    source: hosted
    version: "1.3.1"
  ffi:
    dependency: transitive
    description:
      name: ffi
      sha256: "7bf0adc28a23d395f19f3f1eb21dd7cfd1dd9f8e1c50051c069122e6853bc878"
      url: "https://pub.dev"
    source: hosted
    version: "2.1.0"
  file_picker:
    dependency: "direct main"
    description:
      name: file_picker
      sha256: "4e42aacde3b993c5947467ab640882c56947d9d27342a5b6f2895b23956954a6"
      url: "https://pub.dev"
    source: hosted
    version: "6.1.1"
  flutter:
    dependency: "direct main"
    description: flutter
    source: sdk
    version: "0.0.0"
  flutter_plugin_android_lifecycle:
    dependency: transitive
    description:
      name: flutter_plugin_android_lifecycle
      sha256: b068ffc46f82a55844acfa4fdbb61fad72fa2aef0905548419d97f0f95c456da
      url: "https://pub.dev"
    source: hosted
    version: "2.0.17"
  flutter_spinkit:
    dependency: "direct main"
    description:
      name: flutter_spinkit
      sha256: "77a2117c0517ff909221f3160b8eb20052ab5216107581168af574ac1f05dff8"
      url: "https://pub.dev"
    source: hosted
    version: "5.1.0"
  flutter_test:
    dependency: "direct dev"
    description: flutter
    source: sdk
    version: "0.0.0"
  flutter_web_plugins:
    dependency: transitive
    description: flutter
    source: sdk
    version: "0.0.0"
  get:
    dependency: transitive
    description:
      name: get
      sha256: "1b5b585eedccd4ed4fd01738953098d0bdeed675a0018e9e6f0c8b0d13473f47"
      url: "https://pub.dev"
    source: hosted
    version: "4.3.8"
  get_it:
    dependency: "direct main"
    description:
      name: get_it
      sha256: "290fde3a86072e4b37dbb03c07bec6126f0ecc28dad403c12ffe2e5a2d751ab7"
      url: "https://pub.dev"
    source: hosted
    version: "7.2.0"
  http:
    dependency: "direct main"
    description:
      name: http
      sha256: "2ed163531e071c2c6b7c659635112f24cb64ecbebf6af46b550d536c0b1aa112"
      url: "https://pub.dev"
    source: hosted
    version: "0.13.4"
  http_parser:
    dependency: transitive
    description:
      name: http_parser
      sha256: e362d639ba3bc07d5a71faebb98cde68c05bfbcfbbb444b60b6f60bb67719185
      url: "https://pub.dev"
    source: hosted
    version: "4.0.0"
  js:
    dependency: transitive
    description:
      name: js
      sha256: f2c445dce49627136094980615a031419f7f3eb393237e4ecd97ac15dea343f3
      url: "https://pub.dev"
    source: hosted
    version: "0.6.7"
  matcher:
    dependency: transitive
    description:
      name: matcher
      sha256: "6501fbd55da300384b768785b83e5ce66991266cec21af89ab9ae7f5ce1c4cbb"
      url: "https://pub.dev"
    source: hosted
    version: "0.12.15"
  material_color_utilities:
    dependency: transitive
    description:
      name: material_color_utilities
      sha256: d92141dc6fe1dad30722f9aa826c7fbc896d021d792f80678280601aff8cf724
      url: "https://pub.dev"
    source: hosted
    version: "0.2.0"
  meta:
    dependency: transitive
    description:
      name: meta
      sha256: "3c74dbf8763d36539f114c799d8a2d87343b5067e9d796ca22b5eb8437090ee3"
      url: "https://pub.dev"
    source: hosted
    version: "1.9.1"
  nested:
    dependency: transitive
    description:
      name: nested
      sha256: "03bac4c528c64c95c722ec99280375a6f2fc708eec17c7b3f07253b626cd2a20"
      url: "https://pub.dev"
    source: hosted
    version: "1.0.0"
  path:
    dependency: transitive
    description:
      name: path
      sha256: "8829d8a55c13fc0e37127c29fedf290c102f4e40ae94ada574091fe0ff96c917"
      url: "https://pub.dev"
    source: hosted
    version: "1.8.3"
  plugin_platform_interface:
    dependency: transitive
    description:
      name: plugin_platform_interface
      sha256: "4820fbfdb9478b1ebae27888254d445073732dae3d6ea81f0b7e06d5dedc3f02"
      url: "https://pub.dev"
    source: hosted
    version: "2.1.8"
  provider:
    dependency: "direct main"
    description:
      name: provider
      sha256: "59471e0a4595e264625d3496af567ac85bdae1148ec985aff1e0555786f53ecf"
      url: "https://pub.dev"
    source: hosted
    version: "5.0.0"
  sky_engine:
    dependency: transitive
    description: flutter
    source: sdk
    version: "0.0.99"
  source_span:
    dependency: transitive
    description:
      name: source_span
      sha256: dd904f795d4b4f3b870833847c461801f6750a9fa8e61ea5ac53f9422b31f250
      url: "https://pub.dev"
    source: hosted
    version: "1.9.1"
  stack_trace:
    dependency: transitive
    description:
      name: stack_trace
      sha256: c3c7d8edb15bee7f0f74debd4b9c5f3c2ea86766fe4178eb2a18eb30a0bdaed5
      url: "https://pub.dev"
    source: hosted
    version: "1.11.0"
  stacked:
    dependency: "direct main"
    description:
      name: stacked
      sha256: "825cef841205893543c3bf4ac3d679b9f8c83cb4d8c82423cecec8de029158f0"
      url: "https://pub.dev"
    source: hosted
    version: "2.2.7"
  stacked_services:
    dependency: "direct main"
    description:
      name: stacked_services
      sha256: c3adc6834a280940536efe08f3da3f52ee572bd6f49777f75824ce4f88361449
      url: "https://pub.dev"
    source: hosted
    version: "0.8.15"
  stream_channel:
    dependency: transitive
    description:
      name: stream_channel
      sha256: "83615bee9045c1d322bbbd1ba209b7a749c2cbcdcb3fdd1df8eb488b3279c1c8"
      url: "https://pub.dev"
    source: hosted
    version: "2.1.1"
  string_scanner:
    dependency: transitive
    description:
      name: string_scanner
      sha256: "556692adab6cfa87322a115640c11f13cb77b3f076ddcc5d6ae3c20242bedcde"
      url: "https://pub.dev"
    source: hosted
    version: "1.2.0"
  term_glyph:
    dependency: transitive
    description:
      name: term_glyph
      sha256: a29248a84fbb7c79282b40b8c72a1209db169a2e0542bce341da992fe1bc7e84
      url: "https://pub.dev"
    source: hosted
    version: "1.2.1"
  test_api:
    dependency: transitive
    description:
      name: test_api
      sha256: eb6ac1540b26de412b3403a163d919ba86f6a973fe6cc50ae3541b80092fdcfb
      url: "https://pub.dev"
    source: hosted
    version: "0.5.1"
  typed_data:
    dependency: transitive
    description:
      name: typed_data
      sha256: "53bdf7e979cfbf3e28987552fd72f637e63f3c8724c9e56d9246942dc2fa36ee"
      url: "https://pub.dev"
    source: hosted
    version: "1.3.0"
  universal_io:
    dependency: transitive
    description:
      name: universal_io
      sha256: "79f78ddad839ee3aae3ec7c01eb4575faf0d5c860f8e5223bc9f9c17f7f03cef"
      url: "https://pub.dev"
    source: hosted
    version: "2.0.4"
  url_launcher:
    dependency: "direct main"
    description:
      name: url_launcher
      sha256: d0ca83baf29d7b1e1a88dff21cc4476cd1efd5e58438974deb87c5f2ff5a6b65
      url: "https://pub.dev"
    source: hosted
    version: "6.0.12"
  url_launcher_linux:
    dependency: transitive
    description:
      name: url_launcher_linux
      sha256: "762a15bd1be2e910e073539bb65e59c2d5cb35aff2730657d771bef78d7be20b"
      url: "https://pub.dev"
    source: hosted
    version: "2.0.2"
  url_launcher_macos:
    dependency: transitive
    description:
      name: url_launcher_macos
      sha256: c116ae76b578e0403c2c65630715c0c81a79ef22a11ff9192674b5233be88735
      url: "https://pub.dev"
    source: hosted
    version: "2.0.2"
  url_launcher_platform_interface:
    dependency: transitive
    description:
      name: url_launcher_platform_interface
      sha256: a4acd1aed57444bd4693768559a891cbb3168dbf0b992d0d5b5b5619ab371aed
      url: "https://pub.dev"
    source: hosted
    version: "2.0.4"
  url_launcher_web:
    dependency: transitive
    description:
      name: url_launcher_web
      sha256: a2bc64b513fd1d8fee7646c7a8330afc897b0973c902d004907fa010e50d323e
      url: "https://pub.dev"
    source: hosted
    version: "2.0.4"
  url_launcher_windows:
    dependency: transitive
    description:
      name: url_launcher_windows
      sha256: "4e24aac2a2960fb9a70a07992e1ba69cb99fbcee48fdf17abe280ce867bfcea2"
      url: "https://pub.dev"
    source: hosted
    version: "2.0.2"
  vector_math:
    dependency: transitive
    description:
      name: vector_math
      sha256: "80b3257d1492ce4d091729e3a67a60407d227c27241d6927be0130c98e741803"
      url: "https://pub.dev"
    source: hosted
    version: "2.1.4"
  win32:
    dependency: transitive
    description:
      name: win32
      sha256: "350a11abd2d1d97e0cc7a28a81b781c08002aa2864d9e3f192ca0ffa18b06ed3"
      url: "https://pub.dev"
    source: hosted
    version: "5.0.9"
sdks:
  dart: ">=3.0.0 <4.0.0"
  flutter: ">=3.7.0"
